# THIS IS AN AUTOGENERATED FILE. DO NOT EDIT THIS FILE DIRECTLY.
# yarn lockfile v1


"@toast-ui/editor@^2.5.2":
  version "2.5.2"
  resolved "https://registry.yarnpkg.com/@toast-ui/editor/-/editor-2.5.2.tgz#0637e1bbdb205c1ab53b6d3722ced26399b2f0ca"
  integrity sha512-ldTOMCVKpSIummf9X3JqPuOUMjlAxyFePniHChmCMst9j+ZbHxdalOhEUDV/ASrq4jkjgRm4m0nCCUvjdljZSw==
  dependencies:
    "@types/codemirror" "0.0.71"
    codemirror "^5.48.4"

"@toast-ui/vue-editor@^2.5.2":
  version "2.5.2"
  resolved "https://registry.yarnpkg.com/@toast-ui/vue-editor/-/vue-editor-2.5.2.tgz#0b54107a196471eacb18aabb7100101606917b27"
  integrity sha512-zF33zKsG4wusL/OgwIUHWWDAXHuNx94tL1Jzgww9SbJ/mF23WRbvbOT4tvhpr6KZhbIbUUwzxwhPQabYSLjNRw==
  dependencies:
    "@toast-ui/editor" "^2.5.2"

"@types/codemirror@0.0.71":
  version "0.0.71"
  resolved "https://registry.yarnpkg.com/@types/codemirror/-/codemirror-0.0.71.tgz#861f1bcb3100c0a064567c5400f2981cf4ae8ca7"
  integrity sha512-b2oEEnno1LIGKMR7uBEsr40al1UijF1HEpRn0+Yf1xOLl24iQgB7DBpZVMM7y54G5wCNoclDrRO65E6KHPNO2w==
  dependencies:
    "@types/tern" "*"

"@types/estree@*":
  version "0.0.47"
  resolved "https://registry.yarnpkg.com/@types/estree/-/estree-0.0.47.tgz#d7a51db20f0650efec24cd04994f523d93172ed4"
  integrity sha512-c5ciR06jK8u9BstrmJyO97m+klJrrhCf9u3rLu3DEAJBirxRqSCvDQoYKmxuYwQI5SZChAWu+tq9oVlGRuzPAg==

"@types/tern@*":
  version "0.23.3"
  resolved "https://registry.yarnpkg.com/@types/tern/-/tern-0.23.3.tgz#4b54538f04a88c9ff79de1f6f94f575a7f339460"
  integrity sha512-imDtS4TAoTcXk0g7u4kkWqedB3E4qpjXzCpD2LU5M5NAXHzCDsypyvXSaG7mM8DKYkCRa7tFp4tS/lp/Wo7Q3w==
  dependencies:
    "@types/estree" "*"

codemirror@^5.48.4:
  version "5.61.1"
  resolved "https://registry.yarnpkg.com/codemirror/-/codemirror-5.61.1.tgz#ccfc8a43b8fcfb8b12e8e75b5ffde48d541406e0"
  integrity sha512-+D1NZjAucuzE93vJGbAaXzvoBHwp9nJZWWWF9utjv25+5AZUiah6CIlfb4ikG4MoDsFsCG8niiJH5++OO2LgIQ==

dayjs@^1.10.4:
  version "1.10.4"
  resolved "https://registry.yarnpkg.com/dayjs/-/dayjs-1.10.4.tgz#8e544a9b8683f61783f570980a8a80eaf54ab1e2"
  integrity sha512-RI/Hh4kqRc1UKLOAf/T5zdMMX5DQIlDxwUe3wSyMMnEbGunnpENCdbUgM+dW7kXidZqCttBrmw7BhN4TMddkCw==

marked@^2.0.5:
  version "2.0.5"
  resolved "https://registry.yarnpkg.com/marked/-/marked-2.0.5.tgz#2d15c759b9497b0e7b5b57f4c2edabe1002ef9e7"
  integrity sha512-yfCEUXmKhBPLOzEC7c+tc4XZdIeTdGoRCZakFMkCxodr7wDXqoapIME4wjcpBPJLNyUnKJ3e8rb8wlAgnLnaDw==
